
Microsoft Visual Studio Solution File, Format Version 12.00
# Visual Studio Version 17
VisualStudioVersion = 17.0.31903.59
MinimumVisualStudioVersion = 10.0.40219.1
Project("{D954291E-2A0B-460D-934E-DC6B0785DB48}") = "DynamicsFramework.Entities.ManuallyGenerated", "Entities\ManuallyGenerated\DynamicsFramework.Entities.ManuallyGenerated.shproj", "{4A17B634-1F6B-4C2E-8A5A-6FE9D14C4A33}"
EndProject
Project("{D954291E-2A0B-460D-934E-DC6B0785DB48}") = "DynamicsFramework.Entities.AutoGenerated", "Entities\AutoGenerated\DynamicsFramework.Entities.AutoGenerated.shproj", "{C2A3F1E5-8B7D-4F9A-A1B2-3C4D5E6F7A8B}"
EndProject
Project("{FAE04EC0-301F-11D3-BF4B-00C04F79EFBC}") = "TestingPlugin", "Plugins\TestingPlugin\TestingPlugin.csproj", "{252407F4-FF1C-4D50-8742-2123BBDC65F1}"
EndProject
Global
	GlobalSection(SolutionConfigurationPlatforms) = preSolution
		Debug|Any CPU = Debug|Any CPU
		Release|Any CPU = Release|Any CPU
	EndGlobalSection
	GlobalSection(ProjectConfigurationPlatforms) = postSolution
		{252407F4-FF1C-4D50-8742-2123BBDC65F1}.Debug|Any CPU.ActiveCfg = Debug|Any CPU
		{252407F4-FF1C-4D50-8742-2123BBDC65F1}.Debug|Any CPU.Build.0 = Debug|Any CPU
		{252407F4-FF1C-4D50-8742-2123BBDC65F1}.Release|Any CPU.ActiveCfg = Release|Any CPU
		{252407F4-FF1C-4D50-8742-2123BBDC65F1}.Release|Any CPU.Build.0 = Release|Any CPU
	EndGlobalSection
EndGlobal
