
Microsoft Visual Studio Solution File, Format Version 12.00
# Visual Studio Version 17
VisualStudioVersion = 17.0.31903.59
MinimumVisualStudioVersion = 10.0.40219.1
Project("{FAE04EC0-301F-11D3-BF4B-00C04F79EFBC}") = "DynamicsFramework.Plugins", "Plugins\DynamicsFramework.Plugins.csproj", "{B7D4E7B4-2A7A-4D7E-8D9F-7B27C21C9E9A}"
EndProject
Project("{D954291E-2A0B-460D-934E-DC6B0785DB48}") = "DynamicsFramework.Entities", "Entities\ManuallyGenerated\DynamicsFramework.Entities.shproj", "{4A17B634-1F6B-4C2E-8A5A-6FE9D14C4A33}"
EndProject
Project("{D954291E-2A0B-460D-934E-DC6B0785DB48}") = "DynamicsFramework.Entities.Generated", "Entities\AutoGenerated\DynamicsFramework.Entities.Generated.shproj", "{C2A3F1E5-8B7D-4F9A-A1B2-3C4D5E6F7A8B}"
EndProject
Global
	GlobalSection(SolutionConfigurationPlatforms) = preSolution
		Debug|Any CPU = Debug|Any CPU
		Release|Any CPU = Release|Any CPU
	EndGlobalSection
	GlobalSection(ProjectConfigurationPlatforms) = postSolution
		{B7D4E7B4-2A7A-4D7E-8D9F-7B27C21C9E9A}.Debug|Any CPU.ActiveCfg = Debug|Any CPU
		{B7D4E7B4-2A7A-4D7E-8D9F-7B27C21C9E9A}.Debug|Any CPU.Build.0 = Debug|Any CPU
		{B7D4E7B4-2A7A-4D7E-8D9F-7B27C21C9E9A}.Release|Any CPU.ActiveCfg = Release|Any CPU
		{B7D4E7B4-2A7A-4D7E-8D9F-7B27C21C9E9A}.Release|Any CPU.Build.0 = Release|Any CPU
	EndGlobalSection
EndGlobal
